// !$*UTF8*$!
{
	archiveVersion = 1;
	classes = {
	};
	objectVersion = 46;
	objects = {

/* Begin PBXBuildFile section */
		AE0673F71A0B1AD80077B5CF /* main.m in Sources */ = {isa = PBXBuildFile; fileRef = AE0673F61A0B1AD80077B5CF /* main.m */; };
		AE0673FA1A0B1AD80077B5CF /* AppDelegate.m in Sources */ = {isa = PBXBuildFile; fileRef = AE0673F91A0B1AD80077B5CF /* AppDelegate.m */; };
		AE0673FD1A0B1AD80077B5CF /* ViewController.m in Sources */ = {isa = PBXBuildFile; fileRef = AE0673FC1A0B1AD80077B5CF /* ViewController.m */; };
		AE0674001A0B1AD80077B5CF /* Main.storyboard in Resources */ = {isa = PBXBuildFile; fileRef = AE0673FE1A0B1AD80077B5CF /* Main.storyboard */; };
		AE0674021A0B1AD80077B5CF /* Images.xcassets in Resources */ = {isa = PBXBuildFile; fileRef = AE0674011A0B1AD80077B5CF /* Images.xcassets */; };
		AE0674051A0B1AD80077B5CF /* LaunchScreen.xib in Resources */ = {isa = PBXBuildFile; fileRef = AE0674031A0B1AD80077B5CF /* LaunchScreen.xib */; };
		AE0674111A0B1AD80077B5CF /* SnapCamTests.m in Sources */ = {isa = PBXBuildFile; fileRef = AE0674101A0B1AD80077B5CF /* SnapCamTests.m */; };
/* End PBXBuildFile section */

/* Begin PBXContainerItemProxy section */
		AE06740B1A0B1AD80077B5CF /* PBXContainerItemProxy */ = {
			isa = PBXContainerItemProxy;
			containerPortal = AE0673E91A0B1AD80077B5CF /* Project object */;
			proxyType = 1;
			remoteGlobalIDString = AE0673F01A0B1AD80077B5CF;
			remoteInfo = SnapCam;
		};
/* End PBXContainerItemProxy section */

/* Begin PBXFileReference section */
		AE0673F11A0B1AD80077B5CF /* SnapCam.app */ = {isa = PBXFileReference; explicitFileType = wrapper.application; includeInIndex = 0; path = SnapCam.app; sourceTree = BUILT_PRODUCTS_DIR; };
		AE0673F51A0B1AD80077B5CF /* Info.plist */ = {isa = PBXFileReference; lastKnownFileType = text.plist.xml; path = Info.plist; sourceTree = "<group>"; };
		AE0673F61A0B1AD80077B5CF /* main.m */ = {isa = PBXFileReference; lastKnownFileType = sourcecode.c.objc; path = main.m; sourceTree = "<group>"; };
		AE0673F81A0B1AD80077B5CF /* AppDelegate.h */ = {isa = PBXFileReference; lastKnownFileType = sourcecode.c.h; path = AppDelegate.h; sourceTree = "<group>"; };
		AE0673F91A0B1AD80077B5CF /* AppDelegate.m */ = {isa = PBXFileReference; lastKnownFileType = sourcecode.c.objc; path = AppDelegate.m; sourceTree = "<group>"; };
		AE0673FB1A0B1AD80077B5CF /* ViewController.h */ = {isa = PBXFileReference; lastKnownFileType = sourcecode.c.h; path = ViewController.h; sourceTree = "<group>"; };
		AE0673FC1A0B1AD80077B5CF /* ViewController.m */ = {isa = PBXFileReference; lastKnownFileType = sourcecode.c.objc; path = ViewController.m; sourceTree = "<group>"; };
		AE0673FF1A0B1AD80077B5CF /* Base */ = {isa = PBXFileReference; lastKnownFileType = file.storyboard; name = Base; path = Base.lproj/Main.storyboard; sourceTree = "<group>"; };
		AE0674011A0B1AD80077B5CF /* Images.xcassets */ = {isa = PBXFileReference; lastKnownFileType = folder.assetcatalog; path = Images.xcassets; sourceTree = "<group>"; };
		AE0674041A0B1AD80077B5CF /* Base */ = {isa = PBXFileReference; lastKnownFileType = file.xib; name = Base; path = Base.lproj/LaunchScreen.xib; sourceTree = "<group>"; };
		AE06740A1A0B1AD80077B5CF /* SnapCamTests.xctest */ = {isa = PBXFileReference; explicitFileType = wrapper.cfbundle; includeInIndex = 0; path = SnapCamTests.xctest; sourceTree = BUILT_PRODUCTS_DIR; };
		AE06740F1A0B1AD80077B5CF /* Info.plist */ = {isa = PBXFileReference; lastKnownFileType = text.plist.xml; path = Info.plist; sourceTree = "<group>"; };
		AE0674101A0B1AD80077B5CF /* SnapCamTests.m */ = {isa = PBXFileReference; lastKnownFileType = sourcecode.c.objc; path = SnapCamTests.m; sourceTree = "<group>"; };
/* End PBXFileReference section */

/* Begin PBXFrameworksBuildPhase section */
		AE0673EE1A0B1AD80077B5CF /* Frameworks */ = {
			isa = PBXFrameworksBuildPhase;
			buildActionMask = 2147483647;
			files = (
			);
			runOnlyForDeploymentPostprocessing = 0;
		};
		AE0674071A0B1AD80077B5CF /* Frameworks */ = {
			isa = PBXFrameworksBuildPhase;
			buildActionMask = 2147483647;
			files = (
			);
			runOnlyForDeploymentPostprocessing = 0;
		};
/* End PBXFrameworksBuildPhase section */

/* Begin PBXGroup section */
		AE0673E81A0B1AD80077B5CF = {
			isa = PBXGroup;
			children = (
				AE0673F31A0B1AD80077B5CF /* SnapCam */,
				AE06740D1A0B1AD80077B5CF /* SnapCamTests */,
				AE0673F21A0B1AD80077B5CF /* Products */,
			);
			sourceTree = "<group>";
		};
		AE0673F21A0B1AD80077B5CF /* Products */ = {
			isa = PBXGroup;
			children = (
				AE0673F11A0B1AD80077B5CF /* SnapCam.app */,
				AE06740A1A0B1AD80077B5CF /* SnapCamTests.xctest */,
			);
			name = Products;
			sourceTree = "<group>";
		};
		AE0673F31A0B1AD80077B5CF /* SnapCam */ = {
			isa = PBXGroup;
			children = (
				AE0673F81A0B1AD80077B5CF /* AppDelegate.h */,
				AE0673F91A0B1AD80077B5CF /* AppDelegate.m */,
				AE0673FB1A0B1AD80077B5CF /* ViewController.h */,
				AE0673FC1A0B1AD80077B5CF /* ViewController.m */,
				AE0673FE1A0B1AD80077B5CF /* Main.storyboard */,
				AE0674011A0B1AD80077B5CF /* Images.xcassets */,
				AE0674031A0B1AD80077B5CF /* LaunchScreen.xib */,
				AE0673F41A0B1AD80077B5CF /* Supporting Files */,
			);
			path = SnapCam;
			sourceTree = "<group>";
		};
		AE0673F41A0B1AD80077B5CF /* Supporting Files */ = {
			isa = PBXGroup;
			children = (
				AE0673F51A0B1AD80077B5CF /* Info.plist */,
				AE0673F61A0B1AD80077B5CF /* main.m */,
			);
			name = "Supporting Files";
			sourceTree = "<group>";
		};
		AE06740D1A0B1AD80077B5CF /* SnapCamTests */ = {
			isa = PBXGroup;
			children = (
				AE0674101A0B1AD80077B5CF /* SnapCamTests.m */,
				AE06740E1A0B1AD80077B5CF /* Supporting Files */,
			);
			path = SnapCamTests;
			sourceTree = "<group>";
		};
		AE06740E1A0B1AD80077B5CF /* Supporting Files */ = {
			isa = PBXGroup;
			children = (
				AE06740F1A0B1AD80077B5CF /* Info.plist */,
			);
			name = "Supporting Files";
			sourceTree = "<group>";
		};
/* End PBXGroup section */

/* Begin PBXNativeTarget section */
		AE0673F01A0B1AD80077B5CF /* SnapCam */ = {
			isa = PBXNativeTarget;
			buildConfigurationList = AE0674141A0B1AD80077B5CF /* Build configuration list for PBXNativeTarget "SnapCam" */;
			buildPhases = (
				AE0673ED1A0B1AD80077B5CF /* Sources */,
				AE0673EE1A0B1AD80077B5CF /* Frameworks */,
				AE0673EF1A0B1AD80077B5CF /* Resources */,
			);
			buildRules = (
			);
			dependencies = (
			);
			name = SnapCam;
			productName = SnapCam;
			productReference = AE0673F11A0B1AD80077B5CF /* SnapCam.app */;
			productType = "com.apple.product-type.application";
		};
		AE0674091A0B1AD80077B5CF /* SnapCamTests */ = {
			isa = PBXNativeTarget;
			buildConfigurationList = AE0674171A0B1AD80077B5CF /* Build configuration list for PBXNativeTarget "SnapCamTests" */;
			buildPhases = (
				AE0674061A0B1AD80077B5CF /* Sources */,
				AE0674071A0B1AD80077B5CF /* Frameworks */,
				AE0674081A0B1AD80077B5CF /* Resources */,
			);
			buildRules = (
			);
			dependencies = (
				AE06740C1A0B1AD80077B5CF /* PBXTargetDependency */,
			);
			name = SnapCamTests;
			productName = SnapCamTests;
			productReference = AE06740A1A0B1AD80077B5CF /* SnapCamTests.xctest */;
			productType = "com.apple.product-type.bundle.unit-test";
		};
/* End PBXNativeTarget section */

/* Begin PBXProject section */
		AE0673E91A0B1AD80077B5CF /* Project object */ = {
			isa = PBXProject;
			attributes = {
				LastUpgradeCheck = 0610;
				ORGANIZATIONNAME = "Matt Ledwon";
				TargetAttributes = {
					AE0673F01A0B1AD80077B5CF = {
						CreatedOnToolsVersion = 6.1;
					};
					AE0674091A0B1AD80077B5CF = {
						CreatedOnToolsVersion = 6.1;
						TestTargetID = AE0673F01A0B1AD80077B5CF;
					};
				};
			};
			buildConfigurationList = AE0673EC1A0B1AD80077B5CF /* Build configuration list for PBXProject "SnapCam" */;
			compatibilityVersion = "Xcode 3.2";
			developmentRegion = English;
			hasScannedForEncodings = 0;
			knownRegions = (
				en,
				Base,
			);
			mainGroup = AE0673E81A0B1AD80077B5CF;
			productRefGroup = AE0673F21A0B1AD80077B5CF /* Products */;
			projectDirPath = "";
			projectRoot = "";
			targets = (
				AE0673F01A0B1AD80077B5CF /* SnapCam */,
				AE0674091A0B1AD80077B5CF /* SnapCamTests */,
			);
		};
/* End PBXProject section */

/* Begin PBXResourcesBuildPhase section */
		AE0673EF1A0B1AD80077B5CF /* Resources */ = {
			isa = PBXResourcesBuildPhase;
			buildActionMask = 2147483647;
			files = (
				AE0674001A0B1AD80077B5CF /* Main.storyboard in Resources */,
				AE0674051A0B1AD80077B5CF /* LaunchScreen.xib in Resources */,
				AE0674021A0B1AD80077B5CF /* Images.xcassets in Resources */,
			);
			runOnlyForDeploymentPostprocessing = 0;
		};
		AE0674081A0B1AD80077B5CF /* Resources */ = {
			isa = PBXResourcesBuildPhase;
			buildActionMask = 2147483647;
			files = (
			);
			runOnlyForDeploymentPostprocessing = 0;
		};
/* End PBXResourcesBuildPhase section */

/* Begin PBXSourcesBuildPhase section */
		AE0673ED1A0B1AD80077B5CF /* Sources */ = {
			isa = PBXSourcesBuildPhase;
			buildActionMask = 2147483647;
			files = (
				AE0673FD1A0B1AD80077B5CF /* ViewController.m in Sources */,
				AE0673FA1A0B1AD80077B5CF /* AppDelegate.m in Sources */,
				AE0673F71A0B1AD80077B5CF /* main.m in Sources */,
			);
			runOnlyForDeploymentPostprocessing = 0;
		};
		AE0674061A0B1AD80077B5CF /* Sources */ = {
			isa = PBXSourcesBuildPhase;
			buildActionMask = 2147483647;
			files = (
				AE0674111A0B1AD80077B5CF /* SnapCamTests.m in Sources */,
			);
			runOnlyForDeploymentPostprocessing = 0;
		};
/* End PBXSourcesBuildPhase section */

/* Begin PBXTargetDependency section */
		AE06740C1A0B1AD80077B5CF /* PBXTargetDependency */ = {
			isa = PBXTargetDependency;
			target = AE0673F01A0B1AD80077B5CF /* SnapCam */;
			targetProxy = AE06740B1A0B1AD80077B5CF /* PBXContainerItemProxy */;
		};
/* End PBXTargetDependency section */

/* Begin PBXVariantGroup section */
		AE0673FE1A0B1AD80077B5CF /* Main.storyboard */ = {
			isa = PBXVariantGroup;
			children = (
				AE0673FF1A0B1AD80077B5CF /* Base */,
			);
			name = Main.storyboard;
			sourceTree = "<group>";
		};
		AE0674031A0B1AD80077B5CF /* LaunchScreen.xib */ = {
			isa = PBXVariantGroup;
			children = (
				AE0674041A0B1AD80077B5CF /* Base */,
			);
			name = LaunchScreen.xib;
			sourceTree = "<group>";
		};
/* End PBXVariantGroup section */

/* Begin XCBuildConfiguration section */
		AE0674121A0B1AD80077B5CF /* Debug */ = {
			isa = XCBuildConfiguration;
			buildSettings = {
				ALWAYS_SEARCH_USER_PATHS = NO;
				CLANG_CXX_LANGUAGE_STANDARD = "gnu++0x";
				CLANG_CXX_LIBRARY = "libc++";
				CLANG_ENABLE_MODULES = YES;
				CLANG_ENABLE_OBJC_ARC = YES;
				CLANG_WARN_BOOL_CONVERSION = YES;
				CLANG_WARN_CONSTANT_CONVERSION = YES;
				CLANG_WARN_DIRECT_OBJC_ISA_USAGE = YES_ERROR;
				CLANG_WARN_EMPTY_BODY = YES;
				CLANG_WARN_ENUM_CONVERSION = YES;
				CLANG_WARN_INT_CONVERSION = YES;
				CLANG_WARN_OBJC_ROOT_CLASS = YES_ERROR;
				CLANG_WARN_UNREACHABLE_CODE = YES;
				CLANG_WARN__DUPLICATE_METHOD_MATCH = YES;
				"CODE_SIGN_IDENTITY[sdk=iphoneos*]" = "iPhone Developer";
				COPY_PHASE_STRIP = NO;
				ENABLE_STRICT_OBJC_MSGSEND = YES;
				GCC_C_LANGUAGE_STANDARD = gnu99;
				GCC_DYNAMIC_NO_PIC = NO;
				GCC_OPTIMIZATION_LEVEL = 0;
				GCC_PREPROCESSOR_DEFINITIONS = (
					"DEBUG=1",
					"$(inherited)",
				);
				GCC_SYMBOLS_PRIVATE_EXTERN = NO;
				GCC_WARN_64_TO_32_BIT_CONVERSION = YES;
				GCC_WARN_ABOUT_RETURN_TYPE = YES_ERROR;
				GCC_WARN_UNDECLARED_SELECTOR = YES;
				GCC_WARN_UNINITIALIZED_AUTOS = YES_AGGRESSIVE;
				GCC_WARN_UNUSED_FUNCTION = YES;
				GCC_WARN_UNUSED_VARIABLE = YES;
				IPHONEOS_DEPLOYMENT_TARGET = 8.1;
				MTL_ENABLE_DEBUG_INFO = YES;
				ONLY_ACTIVE_ARCH = YES;
				SDKROOT = iphoneos;
			};
			name = Debug;
		};
		AE0674131A0B1AD80077B5CF /* Release */ = {
			isa = XCBuildConfiguration;
			buildSettings = {
				ALWAYS_SEARCH_USER_PATHS = NO;
				CLANG_CXX_LANGUAGE_STANDARD = "gnu++0x";
				CLANG_CXX_LIBRARY = "libc++";
				CLANG_ENABLE_MODULES = YES;
				CLANG_ENABLE_OBJC_ARC = YES;
				CLANG_WARN_BOOL_CONVERSION = YES;
				CLANG_WARN_CONSTANT_CONVERSION = YES;
				CLANG_WARN_DIRECT_OBJC_ISA_USAGE = YES_ERROR;
				CLANG_WARN_EMPTY_BODY = YES;
				CLANG_WARN_ENUM_CONVERSION = YES;
				CLANG_WARN_INT_CONVERSION = YES;
				CLANG_WARN_OBJC_ROOT_CLASS = YES_ERROR;
				CLANG_WARN_UNREACHABLE_CODE = YES;
				CLANG_WARN__DUPLICATE_METHOD_MATCH = YES;
				"CODE_SIGN_IDENTITY[sdk=iphoneos*]" = "iPhone Developer";
				COPY_PHASE_STRIP = YES;
				ENABLE_NS_ASSERTIONS = NO;
				ENABLE_STRICT_OBJC_MSGSEND = YES;
				GCC_C_LANGUAGE_STANDARD = gnu99;
				GCC_WARN_64_TO_32_BIT_CONVERSION = YES;
				GCC_WARN_ABOUT_RETURN_TYPE = YES_ERROR;
				GCC_WARN_UNDECLARED_SELECTOR = YES;
				GCC_WARN_UNINITIALIZED_AUTOS = YES_AGGRESSIVE;
				GCC_WARN_UNUSED_FUNCTION = YES;
				GCC_WARN_UNUSED_VARIABLE = YES;
				IPHONEOS_DEPLOYMENT_TARGET = 8.1;
				MTL_ENABLE_DEBUG_INFO = NO;
				SDKROOT = iphoneos;
				VALIDATE_PRODUCT = YES;
			};
			name = Release;
		};
		AE0674151A0B1AD80077B5CF /* Debug */ = {
			isa = XCBuildConfiguration;
			buildSettings = {
				ASSETCATALOG_COMPILER_APPICON_NAME = AppIcon;
				INFOPLIST_FILE = SnapCam/Info.plist;
				LD_RUNPATH_SEARCH_PATHS = "$(inherited) @executable_path/Frameworks";
				PRODUCT_NAME = "$(TARGET_NAME)";
			};
			name = Debug;
		};
		AE0674161A0B1AD80077B5CF /* Release */ = {
			isa = XCBuildConfiguration;
			buildSettings = {
				ASSETCATALOG_COMPILER_APPICON_NAME = AppIcon;
				INFOPLIST_FILE = SnapCam/Info.plist;
				LD_RUNPATH_SEARCH_PATHS = "$(inherited) @executable_path/Frameworks";
				PRODUCT_NAME = "$(TARGET_NAME)";
			};
			name = Release;
		};
		AE0674181A0B1AD80077B5CF /* Debug */ = {
			isa = XCBuildConfiguration;
			buildSettings = {
				BUNDLE_LOADER = "$(TEST_HOST)";
				FRAMEWORK_SEARCH_PATHS = (
					"$(SDKROOT)/Developer/Library/Frameworks",
					"$(inherited)",
				);
				GCC_PREPROCESSOR_DEFINITIONS = (
					"DEBUG=1",
					"$(inherited)",
				);
				INFOPLIST_FILE = SnapCamTests/Info.plist;
				LD_RUNPATH_SEARCH_PATHS = "$(inherited) @executable_path/Frameworks @loader_path/Frameworks";
				PRODUCT_NAME = "$(TARGET_NAME)";
				TEST_HOST = "$(BUILT_PRODUCTS_DIR)/SnapCam.app/SnapCam";
			};
			name = Debug;
		};
		AE0674191A0B1AD80077B5CF /* Release */ = {
			isa = XCBuildConfiguration;
			buildSettings = {
				BUNDLE_LOADER = "$(TEST_HOST)";
				FRAMEWORK_SEARCH_PATHS = (
					"$(SDKROOT)/Developer/Library/Frameworks",
					"$(inherited)",
				);
				INFOPLIST_FILE = SnapCamTests/Info.plist;
				LD_RUNPATH_SEARCH_PATHS = "$(inherited) @executable_path/Frameworks @loader_path/Frameworks";
				PRODUCT_NAME = "$(TARGET_NAME)";
				TEST_HOST = "$(BUILT_PRODUCTS_DIR)/SnapCam.app/SnapCam";
			};
			name = Release;
		};
/* End XCBuildConfiguration section */

/* Begin XCConfigurationList section */
		AE0673EC1A0B1AD80077B5CF /* Build configuration list for PBXProject "SnapCam" */ = {
			isa = XCConfigurationList;
			buildConfigurations = (
				AE0674121A0B1AD80077B5CF /* Debug */,
				AE0674131A0B1AD80077B5CF /* Release */,
			);
			defaultConfigurationIsVisible = 0;
			defaultConfigurationName = Release;
		};
		AE0674141A0B1AD80077B5CF /* Build configuration list for PBXNativeTarget "SnapCam" */ = {
			isa = XCConfigurationList;
			buildConfigurations = (
				AE0674151A0B1AD80077B5CF /* Debug */,
				AE0674161A0B1AD80077B5CF /* Release */,
			);
			defaultConfigurationIsVisible = 0;
		};
		AE0674171A0B1AD80077B5CF /* Build configuration list for PBXNativeTarget "SnapCamTests" */ = {
			isa = XCConfigurationList;
			buildConfigurations = (
				AE0674181A0B1AD80077B5CF /* Debug */,
				AE0674191A0B1AD80077B5CF /* Release */,
			);
			defaultConfigurationIsVisible = 0;
		};
/* End XCConfigurationList section */
	};
	rootObject = AE0673E91A0B1AD80077B5CF /* Project object */;
}
